// !$*UTF8*$!
{
	archiveVersion = 1;
	classes = {
	};
	objectVersion = 55;
	objects = {

/* Begin PBXBuildFile section */
		3B725A42297E36F300A137FE /* AppDelegate.swift in Sources */ = {isa = PBXBuildFile; fileRef = 3B725A41297E36F300A137FE /* AppDelegate.swift */; };
		3B725A44297E36F300A137FE /* SceneDelegate.swift in Sources */ = {isa = PBXBuildFile; fileRef = 3B725A43297E36F300A137FE /* SceneDelegate.swift */; };
		3B725A4B297E36F500A137FE /* Assets.xcassets in Resources */ = {isa = PBXBuildFile; fileRef = 3B725A4A297E36F500A137FE /* Assets.xcassets */; };
		3B725A4E297E36F500A137FE /* LaunchScreen.storyboard in Resources */ = {isa = PBXBuildFile; fileRef = 3B725A4C297E36F500A137FE /* LaunchScreen.storyboard */; };
		3B774CCE297E41C000575668 /* RMCharacter.swift in Sources */ = {isa = PBXBuildFile; fileRef = 3B774CCD297E41C000575668 /* RMCharacter.swift */; };
		3B774CD0297E420100575668 /* RMLocation.swift in Sources */ = {isa = PBXBuildFile; fileRef = 3B774CCF297E420100575668 /* RMLocation.swift */; };
		3B774CD2297E421800575668 /* RMEpisode.swift in Sources */ = {isa = PBXBuildFile; fileRef = 3B774CD1297E421800575668 /* RMEpisode.swift */; };
		3B774CD7297E436900575668 /* RMTabBarViewController.swift in Sources */ = {isa = PBXBuildFile; fileRef = 3B774CD6297E436900575668 /* RMTabBarViewController.swift */; };
		3B774CD9297E439000575668 /* RMCharacterViewController.swift in Sources */ = {isa = PBXBuildFile; fileRef = 3B774CD8297E439000575668 /* RMCharacterViewController.swift */; };
		3B774CDB297E43B600575668 /* RMLocationViewController.swift in Sources */ = {isa = PBXBuildFile; fileRef = 3B774CDA297E43B500575668 /* RMLocationViewController.swift */; };
		3B774CDD297E43C500575668 /* RMEpisodeViewController.swift in Sources */ = {isa = PBXBuildFile; fileRef = 3B774CDC297E43C500575668 /* RMEpisodeViewController.swift */; };
		3B774CDF297E43D300575668 /* RMSettingViewController.swift in Sources */ = {isa = PBXBuildFile; fileRef = 3B774CDE297E43D300575668 /* RMSettingViewController.swift */; };
		3B774CE12983A1D900575668 /* RMService.swift in Sources */ = {isa = PBXBuildFile; fileRef = 3B774CE02983A1D900575668 /* RMService.swift */; };
		3B774CE32983A1E200575668 /* RMRequest.swift in Sources */ = {isa = PBXBuildFile; fileRef = 3B774CE22983A1E200575668 /* RMRequest.swift */; };
		3B774CE52983A1EF00575668 /* RMEndpoint.swift in Sources */ = {isa = PBXBuildFile; fileRef = 3B774CE42983A1EF00575668 /* RMEndpoint.swift */; };
		3B774CE82983A94000575668 /* RMCharacterLocation.swift in Sources */ = {isa = PBXBuildFile; fileRef = 3B774CE72983A94000575668 /* RMCharacterLocation.swift */; };
		3B774CEA2983A95F00575668 /* RMCharacterOrigin.swift in Sources */ = {isa = PBXBuildFile; fileRef = 3B774CE92983A95F00575668 /* RMCharacterOrigin.swift */; };
		3B774CEC2983A96F00575668 /* RMCharacterStatus.swift in Sources */ = {isa = PBXBuildFile; fileRef = 3B774CEB2983A96F00575668 /* RMCharacterStatus.swift */; };
		3B774CEE2983A98000575668 /* RMCharacterGender.swift in Sources */ = {isa = PBXBuildFile; fileRef = 3B774CED2983A98000575668 /* RMCharacterGender.swift */; };
		3B774CF22986554500575668 /* HttpMethod.swift in Sources */ = {isa = PBXBuildFile; fileRef = 3B774CF12986554500575668 /* HttpMethod.swift */; };
		3B774CF4298891AF00575668 /* RMCharacterListView.swift in Sources */ = {isa = PBXBuildFile; fileRef = 3B774CF3298891AF00575668 /* RMCharacterListView.swift */; };
		3B774CF6298891BE00575668 /* RMCharacterListViewViewModel.swift in Sources */ = {isa = PBXBuildFile; fileRef = 3B774CF5298891BE00575668 /* RMCharacterListViewViewModel.swift */; };
		3B774CF9298895B800575668 /* UIView.swift in Sources */ = {isa = PBXBuildFile; fileRef = 3B774CF8298895B800575668 /* UIView.swift */; };
/* End PBXBuildFile section */

/* Begin PBXFileReference section */
		3B725A3E297E36F300A137FE /* RickAndMorty.app */ = {isa = PBXFileReference; explicitFileType = wrapper.application; includeInIndex = 0; path = RickAndMorty.app; sourceTree = BUILT_PRODUCTS_DIR; };
		3B725A41297E36F300A137FE /* AppDelegate.swift */ = {isa = PBXFileReference; lastKnownFileType = sourcecode.swift; path = AppDelegate.swift; sourceTree = "<group>"; };
		3B725A43297E36F300A137FE /* SceneDelegate.swift */ = {isa = PBXFileReference; lastKnownFileType = sourcecode.swift; path = SceneDelegate.swift; sourceTree = "<group>"; };
		3B725A4A297E36F500A137FE /* Assets.xcassets */ = {isa = PBXFileReference; lastKnownFileType = folder.assetcatalog; path = Assets.xcassets; sourceTree = "<group>"; };
		3B725A4D297E36F500A137FE /* Base */ = {isa = PBXFileReference; lastKnownFileType = file.storyboard; name = Base; path = Base.lproj/LaunchScreen.storyboard; sourceTree = "<group>"; };
		3B725A4F297E36F500A137FE /* Info.plist */ = {isa = PBXFileReference; lastKnownFileType = text.plist.xml; path = Info.plist; sourceTree = "<group>"; };
		3B774CCD297E41C000575668 /* RMCharacter.swift */ = {isa = PBXFileReference; lastKnownFileType = sourcecode.swift; path = RMCharacter.swift; sourceTree = "<group>"; };
		3B774CCF297E420100575668 /* RMLocation.swift */ = {isa = PBXFileReference; lastKnownFileType = sourcecode.swift; path = RMLocation.swift; sourceTree = "<group>"; };
		3B774CD1297E421800575668 /* RMEpisode.swift */ = {isa = PBXFileReference; lastKnownFileType = sourcecode.swift; path = RMEpisode.swift; sourceTree = "<group>"; };
		3B774CD6297E436900575668 /* RMTabBarViewController.swift */ = {isa = PBXFileReference; lastKnownFileType = sourcecode.swift; path = RMTabBarViewController.swift; sourceTree = "<group>"; };
		3B774CD8297E439000575668 /* RMCharacterViewController.swift */ = {isa = PBXFileReference; lastKnownFileType = sourcecode.swift; path = RMCharacterViewController.swift; sourceTree = "<group>"; };
		3B774CDA297E43B500575668 /* RMLocationViewController.swift */ = {isa = PBXFileReference; lastKnownFileType = sourcecode.swift; path = RMLocationViewController.swift; sourceTree = "<group>"; };
		3B774CDC297E43C500575668 /* RMEpisodeViewController.swift */ = {isa = PBXFileReference; lastKnownFileType = sourcecode.swift; path = RMEpisodeViewController.swift; sourceTree = "<group>"; };
		3B774CDE297E43D300575668 /* RMSettingViewController.swift */ = {isa = PBXFileReference; lastKnownFileType = sourcecode.swift; path = RMSettingViewController.swift; sourceTree = "<group>"; };
		3B774CE02983A1D900575668 /* RMService.swift */ = {isa = PBXFileReference; lastKnownFileType = sourcecode.swift; path = RMService.swift; sourceTree = "<group>"; };
		3B774CE22983A1E200575668 /* RMRequest.swift */ = {isa = PBXFileReference; lastKnownFileType = sourcecode.swift; path = RMRequest.swift; sourceTree = "<group>"; };
		3B774CE42983A1EF00575668 /* RMEndpoint.swift */ = {isa = PBXFileReference; lastKnownFileType = sourcecode.swift; path = RMEndpoint.swift; sourceTree = "<group>"; };
		3B774CE72983A94000575668 /* RMCharacterLocation.swift */ = {isa = PBXFileReference; lastKnownFileType = sourcecode.swift; path = RMCharacterLocation.swift; sourceTree = "<group>"; };
		3B774CE92983A95F00575668 /* RMCharacterOrigin.swift */ = {isa = PBXFileReference; lastKnownFileType = sourcecode.swift; path = RMCharacterOrigin.swift; sourceTree = "<group>"; };
		3B774CEB2983A96F00575668 /* RMCharacterStatus.swift */ = {isa = PBXFileReference; lastKnownFileType = sourcecode.swift; path = RMCharacterStatus.swift; sourceTree = "<group>"; };
		3B774CED2983A98000575668 /* RMCharacterGender.swift */ = {isa = PBXFileReference; lastKnownFileType = sourcecode.swift; path = RMCharacterGender.swift; sourceTree = "<group>"; };
		3B774CF12986554500575668 /* HttpMethod.swift */ = {isa = PBXFileReference; lastKnownFileType = sourcecode.swift; path = HttpMethod.swift; sourceTree = "<group>"; };
		3B774CF3298891AF00575668 /* RMCharacterListView.swift */ = {isa = PBXFileReference; lastKnownFileType = sourcecode.swift; path = RMCharacterListView.swift; sourceTree = "<group>"; };
		3B774CF5298891BE00575668 /* RMCharacterListViewViewModel.swift */ = {isa = PBXFileReference; lastKnownFileType = sourcecode.swift; path = RMCharacterListViewViewModel.swift; sourceTree = "<group>"; };
		3B774CF8298895B800575668 /* UIView.swift */ = {isa = PBXFileReference; lastKnownFileType = sourcecode.swift; path = UIView.swift; sourceTree = "<group>"; };
/* End PBXFileReference section */

/* Begin PBXFrameworksBuildPhase section */
		3B725A3B297E36F300A137FE /* Frameworks */ = {
			isa = PBXFrameworksBuildPhase;
			buildActionMask = 2147483647;
			files = (
			);
			runOnlyForDeploymentPostprocessing = 0;
		};
/* End PBXFrameworksBuildPhase section */

/* Begin PBXGroup section */
		3B725A35297E36F300A137FE = {
			isa = PBXGroup;
			children = (
				3B725A40297E36F300A137FE /* RickAndMorty */,
				3B725A3F297E36F300A137FE /* Products */,
			);
			sourceTree = "<group>";
		};
		3B725A3F297E36F300A137FE /* Products */ = {
			isa = PBXGroup;
			children = (
				3B725A3E297E36F300A137FE /* RickAndMorty.app */,
			);
			name = Products;
			sourceTree = "<group>";
		};
		3B725A40297E36F300A137FE /* RickAndMorty */ = {
			isa = PBXGroup;
			children = (
				3B774CCC297E417400575668 /* Models */,
				3B774CCB297E416A00575668 /* Views */,
				3B774CCA297E415F00575668 /* ViewModels */,
				3B774CC9297E414F00575668 /* APICaller */,
				3B774CC8297E414100575668 /* Controllers */,
				3B774CC7297E40B100575668 /* Resources */,
				3B725A4F297E36F500A137FE /* Info.plist */,
			);
			path = RickAndMorty;
			sourceTree = "<group>";
		};
		3B774CC7297E40B100575668 /* Resources */ = {
			isa = PBXGroup;
			children = (
				3B774CF7298895A900575668 /* Extensions */,
				3B725A41297E36F300A137FE /* AppDelegate.swift */,
				3B725A43297E36F300A137FE /* SceneDelegate.swift */,
				3B725A4A297E36F500A137FE /* Assets.xcassets */,
				3B725A4C297E36F500A137FE /* LaunchScreen.storyboard */,
			);
			path = Resources;
			sourceTree = "<group>";
		};
		3B774CC8297E414100575668 /* Controllers */ = {
			isa = PBXGroup;
			children = (
				3B774CD3297E429D00575668 /* MainController */,
			);
			path = Controllers;
			sourceTree = "<group>";
		};
		3B774CC9297E414F00575668 /* APICaller */ = {
			isa = PBXGroup;
			children = (
				3B774CE02983A1D900575668 /* RMService.swift */,
				3B774CE22983A1E200575668 /* RMRequest.swift */,
				3B774CE42983A1EF00575668 /* RMEndpoint.swift */,
				3B774CF12986554500575668 /* HttpMethod.swift */,
			);
			path = APICaller;
			sourceTree = "<group>";
		};
		3B774CCA297E415F00575668 /* ViewModels */ = {
			isa = PBXGroup;
			children = (
				3B774CF5298891BE00575668 /* RMCharacterListViewViewModel.swift */,
			);
			path = ViewModels;
			sourceTree = "<group>";
		};
		3B774CCB297E416A00575668 /* Views */ = {
			isa = PBXGroup;
			children = (
				3B774CF3298891AF00575668 /* RMCharacterListView.swift */,
			);
			path = Views;
			sourceTree = "<group>";
		};
		3B774CCC297E417400575668 /* Models */ = {
			isa = PBXGroup;
			children = (
				3B774CE62983A92B00575668 /* Character */,
				3B774CEF2983A99A00575668 /* Location */,
				3B774CF02983A9A200575668 /* Episode */,
			);
			path = Models;
			sourceTree = "<group>";
		};
		3B774CD3297E429D00575668 /* MainController */ = {
			isa = PBXGroup;
			children = (
				3B774CD6297E436900575668 /* RMTabBarViewController.swift */,
				3B774CD8297E439000575668 /* RMCharacterViewController.swift */,
				3B774CDA297E43B500575668 /* RMLocationViewController.swift */,
				3B774CDC297E43C500575668 /* RMEpisodeViewController.swift */,
				3B774CDE297E43D300575668 /* RMSettingViewController.swift */,
			);
			path = MainController;
			sourceTree = "<group>";
		};
		3B774CE62983A92B00575668 /* Character */ = {
			isa = PBXGroup;
			children = (
				3B774CCD297E41C000575668 /* RMCharacter.swift */,
				3B774CEB2983A96F00575668 /* RMCharacterStatus.swift */,
				3B774CED2983A98000575668 /* RMCharacterGender.swift */,
				3B774CE92983A95F00575668 /* RMCharacterOrigin.swift */,
				3B774CE72983A94000575668 /* RMCharacterLocation.swift */,
			);
			path = Character;
			sourceTree = "<group>";
		};
		3B774CEF2983A99A00575668 /* Location */ = {
			isa = PBXGroup;
			children = (
				3B774CCF297E420100575668 /* RMLocation.swift */,
			);
			path = Location;
			sourceTree = "<group>";
		};
		3B774CF02983A9A200575668 /* Episode */ = {
			isa = PBXGroup;
			children = (
				3B774CD1297E421800575668 /* RMEpisode.swift */,
			);
			path = Episode;
			sourceTree = "<group>";
		};
		3B774CF7298895A900575668 /* Extensions */ = {
			isa = PBXGroup;
			children = (
				3B774CF8298895B800575668 /* UIView.swift */,
			);
			path = Extensions;
			sourceTree = "<group>";
		};
/* End PBXGroup section */

/* Begin PBXNativeTarget section */
		3B725A3D297E36F300A137FE /* RickAndMorty */ = {
			isa = PBXNativeTarget;
			buildConfigurationList = 3B725A52297E36F500A137FE /* Build configuration list for PBXNativeTarget "RickAndMorty" */;
			buildPhases = (
				3B725A3A297E36F300A137FE /* Sources */,
				3B725A3B297E36F300A137FE /* Frameworks */,
				3B725A3C297E36F300A137FE /* Resources */,
			);
			buildRules = (
			);
			dependencies = (
			);
			name = RickAndMorty;
			productName = RickAndMorty;
			productReference = 3B725A3E297E36F300A137FE /* RickAndMorty.app */;
			productType = "com.apple.product-type.application";
		};
/* End PBXNativeTarget section */

/* Begin PBXProject section */
		3B725A36297E36F300A137FE /* Project object */ = {
			isa = PBXProject;
			attributes = {
				BuildIndependentTargetsInParallel = 1;
				LastSwiftUpdateCheck = 1340;
				LastUpgradeCheck = 1340;
				TargetAttributes = {
					3B725A3D297E36F300A137FE = {
						CreatedOnToolsVersion = 13.4.1;
					};
				};
			};
			buildConfigurationList = 3B725A39297E36F300A137FE /* Build configuration list for PBXProject "RickAndMorty" */;
			compatibilityVersion = "Xcode 13.0";
			developmentRegion = en;
			hasScannedForEncodings = 0;
			knownRegions = (
				en,
				Base,
			);
			mainGroup = 3B725A35297E36F300A137FE;
			productRefGroup = 3B725A3F297E36F300A137FE /* Products */;
			projectDirPath = "";
			projectRoot = "";
			targets = (
				3B725A3D297E36F300A137FE /* RickAndMorty */,
			);
		};
/* End PBXProject section */

/* Begin PBXResourcesBuildPhase section */
		3B725A3C297E36F300A137FE /* Resources */ = {
			isa = PBXResourcesBuildPhase;
			buildActionMask = 2147483647;
			files = (
				3B725A4E297E36F500A137FE /* LaunchScreen.storyboard in Resources */,
				3B725A4B297E36F500A137FE /* Assets.xcassets in Resources */,
			);
			runOnlyForDeploymentPostprocessing = 0;
		};
/* End PBXResourcesBuildPhase section */

/* Begin PBXSourcesBuildPhase section */
		3B725A3A297E36F300A137FE /* Sources */ = {
			isa = PBXSourcesBuildPhase;
			buildActionMask = 2147483647;
			files = (
				3B774CDB297E43B600575668 /* RMLocationViewController.swift in Sources */,
				3B774CEA2983A95F00575668 /* RMCharacterOrigin.swift in Sources */,
				3B774CEC2983A96F00575668 /* RMCharacterStatus.swift in Sources */,
				3B774CEE2983A98000575668 /* RMCharacterGender.swift in Sources */,
				3B774CF22986554500575668 /* HttpMethod.swift in Sources */,
				3B774CE82983A94000575668 /* RMCharacterLocation.swift in Sources */,
				3B774CDF297E43D300575668 /* RMSettingViewController.swift in Sources */,
				3B774CF4298891AF00575668 /* RMCharacterListView.swift in Sources */,
				3B774CD2297E421800575668 /* RMEpisode.swift in Sources */,
				3B774CCE297E41C000575668 /* RMCharacter.swift in Sources */,
				3B774CF9298895B800575668 /* UIView.swift in Sources */,
				3B774CDD297E43C500575668 /* RMEpisodeViewController.swift in Sources */,
				3B774CD0297E420100575668 /* RMLocation.swift in Sources */,
				3B774CD7297E436900575668 /* RMTabBarViewController.swift in Sources */,
				3B774CE12983A1D900575668 /* RMService.swift in Sources */,
				3B774CD9297E439000575668 /* RMCharacterViewController.swift in Sources */,
				3B774CF6298891BE00575668 /* RMCharacterListViewViewModel.swift in Sources */,
				3B774CE52983A1EF00575668 /* RMEndpoint.swift in Sources */,
				3B725A42297E36F300A137FE /* AppDelegate.swift in Sources */,
				3B774CE32983A1E200575668 /* RMRequest.swift in Sources */,
				3B725A44297E36F300A137FE /* SceneDelegate.swift in Sources */,
			);
			runOnlyForDeploymentPostprocessing = 0;
		};
/* End PBXSourcesBuildPhase section */

/* Begin PBXVariantGroup section */
		3B725A4C297E36F500A137FE /* LaunchScreen.storyboard */ = {
			isa = PBXVariantGroup;
			children = (
				3B725A4D297E36F500A137FE /* Base */,
			);
			name = LaunchScreen.storyboard;
			sourceTree = "<group>";
		};
/* End PBXVariantGroup section */

/* Begin XCBuildConfiguration section */
		3B725A50297E36F500A137FE /* Debug */ = {
			isa = XCBuildConfiguration;
			buildSettings = {
				ALWAYS_SEARCH_USER_PATHS = NO;
				CLANG_ANALYZER_NONNULL = YES;
				CLANG_ANALYZER_NUMBER_OBJECT_CONVERSION = YES_AGGRESSIVE;
				CLANG_CXX_LANGUAGE_STANDARD = "gnu++17";
				CLANG_ENABLE_MODULES = YES;
				CLANG_ENABLE_OBJC_ARC = YES;
				CLANG_ENABLE_OBJC_WEAK = YES;
				CLANG_WARN_BLOCK_CAPTURE_AUTORELEASING = YES;
				CLANG_WARN_BOOL_CONVERSION = YES;
				CLANG_WARN_COMMA = YES;
				CLANG_WARN_CONSTANT_CONVERSION = YES;
				CLANG_WARN_DEPRECATED_OBJC_IMPLEMENTATIONS = YES;
				CLANG_WARN_DIRECT_OBJC_ISA_USAGE = YES_ERROR;
				CLANG_WARN_DOCUMENTATION_COMMENTS = YES;
				CLANG_WARN_EMPTY_BODY = YES;
				CLANG_WARN_ENUM_CONVERSION = YES;
				CLANG_WARN_INFINITE_RECURSION = YES;
				CLANG_WARN_INT_CONVERSION = YES;
				CLANG_WARN_NON_LITERAL_NULL_CONVERSION = YES;
				CLANG_WARN_OBJC_IMPLICIT_RETAIN_SELF = YES;
				CLANG_WARN_OBJC_LITERAL_CONVERSION = YES;
				CLANG_WARN_OBJC_ROOT_CLASS = YES_ERROR;
				CLANG_WARN_QUOTED_INCLUDE_IN_FRAMEWORK_HEADER = YES;
				CLANG_WARN_RANGE_LOOP_ANALYSIS = YES;
				CLANG_WARN_STRICT_PROTOTYPES = YES;
				CLANG_WARN_SUSPICIOUS_MOVE = YES;
				CLANG_WARN_UNGUARDED_AVAILABILITY = YES_AGGRESSIVE;
				CLANG_WARN_UNREACHABLE_CODE = YES;
				CLANG_WARN__DUPLICATE_METHOD_MATCH = YES;
				COPY_PHASE_STRIP = NO;
				DEBUG_INFORMATION_FORMAT = dwarf;
				ENABLE_STRICT_OBJC_MSGSEND = YES;
				ENABLE_TESTABILITY = YES;
				GCC_C_LANGUAGE_STANDARD = gnu11;
				GCC_DYNAMIC_NO_PIC = NO;
				GCC_NO_COMMON_BLOCKS = YES;
				GCC_OPTIMIZATION_LEVEL = 0;
				GCC_PREPROCESSOR_DEFINITIONS = (
					"DEBUG=1",
					"$(inherited)",
				);
				GCC_WARN_64_TO_32_BIT_CONVERSION = YES;
				GCC_WARN_ABOUT_RETURN_TYPE = YES_ERROR;
				GCC_WARN_UNDECLARED_SELECTOR = YES;
				GCC_WARN_UNINITIALIZED_AUTOS = YES_AGGRESSIVE;
				GCC_WARN_UNUSED_FUNCTION = YES;
				GCC_WARN_UNUSED_VARIABLE = YES;
				IPHONEOS_DEPLOYMENT_TARGET = 15.5;
				MTL_ENABLE_DEBUG_INFO = INCLUDE_SOURCE;
				MTL_FAST_MATH = YES;
				ONLY_ACTIVE_ARCH = YES;
				SDKROOT = iphoneos;
				SWIFT_ACTIVE_COMPILATION_CONDITIONS = DEBUG;
				SWIFT_OPTIMIZATION_LEVEL = "-Onone";
			};
			name = Debug;
		};
		3B725A51297E36F500A137FE /* Release */ = {
			isa = XCBuildConfiguration;
			buildSettings = {
				ALWAYS_SEARCH_USER_PATHS = NO;
				CLANG_ANALYZER_NONNULL = YES;
				CLANG_ANALYZER_NUMBER_OBJECT_CONVERSION = YES_AGGRESSIVE;
				CLANG_CXX_LANGUAGE_STANDARD = "gnu++17";
				CLANG_ENABLE_MODULES = YES;
				CLANG_ENABLE_OBJC_ARC = YES;
				CLANG_ENABLE_OBJC_WEAK = YES;
				CLANG_WARN_BLOCK_CAPTURE_AUTORELEASING = YES;
				CLANG_WARN_BOOL_CONVERSION = YES;
				CLANG_WARN_COMMA = YES;
				CLANG_WARN_CONSTANT_CONVERSION = YES;
				CLANG_WARN_DEPRECATED_OBJC_IMPLEMENTATIONS = YES;
				CLANG_WARN_DIRECT_OBJC_ISA_USAGE = YES_ERROR;
				CLANG_WARN_DOCUMENTATION_COMMENTS = YES;
				CLANG_WARN_EMPTY_BODY = YES;
				CLANG_WARN_ENUM_CONVERSION = YES;
				CLANG_WARN_INFINITE_RECURSION = YES;
				CLANG_WARN_INT_CONVERSION = YES;
				CLANG_WARN_NON_LITERAL_NULL_CONVERSION = YES;
				CLANG_WARN_OBJC_IMPLICIT_RETAIN_SELF = YES;
				CLANG_WARN_OBJC_LITERAL_CONVERSION = YES;
				CLANG_WARN_OBJC_ROOT_CLASS = YES_ERROR;
				CLANG_WARN_QUOTED_INCLUDE_IN_FRAMEWORK_HEADER = YES;
				CLANG_WARN_RANGE_LOOP_ANALYSIS = YES;
				CLANG_WARN_STRICT_PROTOTYPES = YES;
				CLANG_WARN_SUSPICIOUS_MOVE = YES;
				CLANG_WARN_UNGUARDED_AVAILABILITY = YES_AGGRESSIVE;
				CLANG_WARN_UNREACHABLE_CODE = YES;
				CLANG_WARN__DUPLICATE_METHOD_MATCH = YES;
				COPY_PHASE_STRIP = NO;
				DEBUG_INFORMATION_FORMAT = "dwarf-with-dsym";
				ENABLE_NS_ASSERTIONS = NO;
				ENABLE_STRICT_OBJC_MSGSEND = YES;
				GCC_C_LANGUAGE_STANDARD = gnu11;
				GCC_NO_COMMON_BLOCKS = YES;
				GCC_WARN_64_TO_32_BIT_CONVERSION = YES;
				GCC_WARN_ABOUT_RETURN_TYPE = YES_ERROR;
				GCC_WARN_UNDECLARED_SELECTOR = YES;
				GCC_WARN_UNINITIALIZED_AUTOS = YES_AGGRESSIVE;
				GCC_WARN_UNUSED_FUNCTION = YES;
				GCC_WARN_UNUSED_VARIABLE = YES;
				IPHONEOS_DEPLOYMENT_TARGET = 15.5;
				MTL_ENABLE_DEBUG_INFO = NO;
				MTL_FAST_MATH = YES;
				SDKROOT = iphoneos;
				SWIFT_COMPILATION_MODE = wholemodule;
				SWIFT_OPTIMIZATION_LEVEL = "-O";
				VALIDATE_PRODUCT = YES;
			};
			name = Release;
		};
		3B725A53297E36F500A137FE /* Debug */ = {
			isa = XCBuildConfiguration;
			buildSettings = {
				ASSETCATALOG_COMPILER_APPICON_NAME = AppIcon;
				ASSETCATALOG_COMPILER_GLOBAL_ACCENT_COLOR_NAME = AccentColor;
				CODE_SIGN_STYLE = Automatic;
				CURRENT_PROJECT_VERSION = 1;
				DEVELOPMENT_TEAM = 242M47354M;
				GENERATE_INFOPLIST_FILE = YES;
				INFOPLIST_FILE = RickAndMorty/Info.plist;
				INFOPLIST_KEY_UIApplicationSupportsIndirectInputEvents = YES;
				INFOPLIST_KEY_UILaunchStoryboardName = LaunchScreen;
				INFOPLIST_KEY_UISupportedInterfaceOrientations_iPad = "UIInterfaceOrientationPortrait UIInterfaceOrientationPortraitUpsideDown UIInterfaceOrientationLandscapeLeft UIInterfaceOrientationLandscapeRight";
				INFOPLIST_KEY_UISupportedInterfaceOrientations_iPhone = "UIInterfaceOrientationPortrait UIInterfaceOrientationLandscapeLeft UIInterfaceOrientationLandscapeRight";
				LD_RUNPATH_SEARCH_PATHS = (
					"$(inherited)",
					"@executable_path/Frameworks",
				);
				MARKETING_VERSION = 1.0;
				PRODUCT_BUNDLE_IDENTIFIER = huangyan.RickAndMorty;
				PRODUCT_NAME = "$(TARGET_NAME)";
				SWIFT_EMIT_LOC_STRINGS = YES;
				SWIFT_VERSION = 5.0;
				TARGETED_DEVICE_FAMILY = "1,2";
			};
			name = Debug;
		};
		3B725A54297E36F500A137FE /* Release */ = {
			isa = XCBuildConfiguration;
			buildSettings = {
				ASSETCATALOG_COMPILER_APPICON_NAME = AppIcon;
				ASSETCATALOG_COMPILER_GLOBAL_ACCENT_COLOR_NAME = AccentColor;
				CODE_SIGN_STYLE = Automatic;
				CURRENT_PROJECT_VERSION = 1;
				DEVELOPMENT_TEAM = 242M47354M;
				GENERATE_INFOPLIST_FILE = YES;
				INFOPLIST_FILE = RickAndMorty/Info.plist;
				INFOPLIST_KEY_UIApplicationSupportsIndirectInputEvents = YES;
				INFOPLIST_KEY_UILaunchStoryboardName = LaunchScreen;
				INFOPLIST_KEY_UISupportedInterfaceOrientations_iPad = "UIInterfaceOrientationPortrait UIInterfaceOrientationPortraitUpsideDown UIInterfaceOrientationLandscapeLeft UIInterfaceOrientationLandscapeRight";
				INFOPLIST_KEY_UISupportedInterfaceOrientations_iPhone = "UIInterfaceOrientationPortrait UIInterfaceOrientationLandscapeLeft UIInterfaceOrientationLandscapeRight";
				LD_RUNPATH_SEARCH_PATHS = (
					"$(inherited)",
					"@executable_path/Frameworks",
				);
				MARKETING_VERSION = 1.0;
				PRODUCT_BUNDLE_IDENTIFIER = huangyan.RickAndMorty;
				PRODUCT_NAME = "$(TARGET_NAME)";
				SWIFT_EMIT_LOC_STRINGS = YES;
				SWIFT_VERSION = 5.0;
				TARGETED_DEVICE_FAMILY = "1,2";
			};
			name = Release;
		};
/* End XCBuildConfiguration section */

/* Begin XCConfigurationList section */
		3B725A39297E36F300A137FE /* Build configuration list for PBXProject "RickAndMorty" */ = {
			isa = XCConfigurationList;
			buildConfigurations = (
				3B725A50297E36F500A137FE /* Debug */,
				3B725A51297E36F500A137FE /* Release */,
			);
			defaultConfigurationIsVisible = 0;
			defaultConfigurationName = Release;
		};
		3B725A52297E36F500A137FE /* Build configuration list for PBXNativeTarget "RickAndMorty" */ = {
			isa = XCConfigurationList;
			buildConfigurations = (
				3B725A53297E36F500A137FE /* Debug */,
				3B725A54297E36F500A137FE /* Release */,
			);
			defaultConfigurationIsVisible = 0;
			defaultConfigurationName = Release;
		};
/* End XCConfigurationList section */
	};
	rootObject = 3B725A36297E36F300A137FE /* Project object */;
}
